
Microsoft Visual Studio Solution File, Format Version 12.00
# Visual Studio 14
VisualStudioVersion = 14.0.23107.0
MinimumVisualStudioVersion = 10.0.40219.1
Project("{8BC9CEB8-8B4A-11D0-8D11-00A0C91BC942}") = "silvercreek", "silvercreek\silvercreek.vcxproj", "{610264E7-FE88-4D35-8F56-8B804ABB9F7E}"
	ProjectSection(ProjectDependencies) = postProject
		{5AADF729-B839-476A-8B08-A819BEE12829} = {5AADF729-B839-476A-8B08-A819BEE12829}
		{F399CCD8-E8B3-4A14-A0C4-689FC6FE5891} = {F399CCD8-E8B3-4A14-A0C4-689FC6FE5891}
	EndProjectSection
EndProject
Project("{8BC9CEB8-8B4A-11D0-8D11-00A0C91BC942}") = "AnimatedVar", "..\AnimatedVar\AnimatedVar.vcxproj", "{F399CCD8-E8B3-4A14-A0C4-689FC6FE5891}"
EndProject
Project("{8BC9CEB8-8B4A-11D0-8D11-00A0C91BC942}") = "UI", "..\Dash\UI.vcxproj", "{5AADF729-B839-476A-8B08-A819BEE12829}"
	ProjectSection(ProjectDependencies) = postProject
		{F399CCD8-E8B3-4A14-A0C4-689FC6FE5891} = {F399CCD8-E8B3-4A14-A0C4-689FC6FE5891}
	EndProjectSection
EndProject
Project("{8BC9CEB8-8B4A-11D0-8D11-00A0C91BC942}") = "Events", "..\Events\Events.vcxproj", "{3790B374-2A68-4FFA-99CA-CEB8B871BABB}"
EndProject
Global
	GlobalSection(SolutionConfigurationPlatforms) = preSolution
		Debug|x64 = Debug|x64
		Debug|x86 = Debug|x86
		Release|x64 = Release|x64
		Release|x86 = Release|x86
	EndGlobalSection
	GlobalSection(ProjectConfigurationPlatforms) = postSolution
		{610264E7-FE88-4D35-8F56-8B804ABB9F7E}.Debug|x64.ActiveCfg = Debug|x64
		{610264E7-FE88-4D35-8F56-8B804ABB9F7E}.Debug|x64.Build.0 = Debug|x64
		{610264E7-FE88-4D35-8F56-8B804ABB9F7E}.Debug|x86.ActiveCfg = Debug|Win32
		{610264E7-FE88-4D35-8F56-8B804ABB9F7E}.Debug|x86.Build.0 = Debug|Win32
		{610264E7-FE88-4D35-8F56-8B804ABB9F7E}.Release|x64.ActiveCfg = Release|x64
		{610264E7-FE88-4D35-8F56-8B804ABB9F7E}.Release|x64.Build.0 = Release|x64
		{610264E7-FE88-4D35-8F56-8B804ABB9F7E}.Release|x86.ActiveCfg = Release|Win32
		{610264E7-FE88-4D35-8F56-8B804ABB9F7E}.Release|x86.Build.0 = Release|Win32
		{F399CCD8-E8B3-4A14-A0C4-689FC6FE5891}.Debug|x64.ActiveCfg = Debug|Win32
		{F399CCD8-E8B3-4A14-A0C4-689FC6FE5891}.Debug|x86.ActiveCfg = Debug|Win32
		{F399CCD8-E8B3-4A14-A0C4-689FC6FE5891}.Debug|x86.Build.0 = Debug|Win32
		{F399CCD8-E8B3-4A14-A0C4-689FC6FE5891}.Release|x64.ActiveCfg = Release|Win32
		{F399CCD8-E8B3-4A14-A0C4-689FC6FE5891}.Release|x86.ActiveCfg = Release|Win32
		{F399CCD8-E8B3-4A14-A0C4-689FC6FE5891}.Release|x86.Build.0 = Release|Win32
		{5AADF729-B839-476A-8B08-A819BEE12829}.Debug|x64.ActiveCfg = Debug|Win32
		{5AADF729-B839-476A-8B08-A819BEE12829}.Debug|x86.ActiveCfg = Debug|Win32
		{5AADF729-B839-476A-8B08-A819BEE12829}.Debug|x86.Build.0 = Debug|Win32
		{5AADF729-B839-476A-8B08-A819BEE12829}.Release|x64.ActiveCfg = Release|Win32
		{5AADF729-B839-476A-8B08-A819BEE12829}.Release|x86.ActiveCfg = Release|Win32
		{5AADF729-B839-476A-8B08-A819BEE12829}.Release|x86.Build.0 = Release|Win32
		{3790B374-2A68-4FFA-99CA-CEB8B871BABB}.Debug|x64.ActiveCfg = Debug|Win32
		{3790B374-2A68-4FFA-99CA-CEB8B871BABB}.Debug|x86.ActiveCfg = Debug|Win32
		{3790B374-2A68-4FFA-99CA-CEB8B871BABB}.Debug|x86.Build.0 = Debug|Win32
		{3790B374-2A68-4FFA-99CA-CEB8B871BABB}.Release|x64.ActiveCfg = Release|Win32
		{3790B374-2A68-4FFA-99CA-CEB8B871BABB}.Release|x86.ActiveCfg = Release|Win32
		{3790B374-2A68-4FFA-99CA-CEB8B871BABB}.Release|x86.Build.0 = Release|Win32
	EndGlobalSection
	GlobalSection(SolutionProperties) = preSolution
		HideSolutionNode = FALSE
	EndGlobalSection
EndGlobal
